
Microsoft Visual Studio Solution File, Format Version 12.00
# Visual Studio Version 17
VisualStudioVersion = 17.7.34009.444
MinimumVisualStudioVersion = 10.0.40219.1
Project("{FAE04EC0-301F-11D3-BF4B-00C04F79EFBC}") = "TimeLoggerOld", "TimeLoggerOld\TimeLoggerOld.csproj", "{3597A286-9F30-419A-ADAD-AB5A156CACA1}"
EndProject
Project("{FAE04EC0-301F-11D3-BF4B-00C04F79EFBC}") = "TimeLoggerApp", "TimeLoggerApp\TimeLoggerApp.csproj", "{215796CF-2E22-4C3B-9C0A-1645C544F05A}"
EndProject
Project("{9A19103F-16F7-4668-BE54-9A1E7A4F7556}") = "AutoCompleteTextBox", "WPF-AutoComplete-TextBox\AutoCompleteTextBox\AutoCompleteTextBox\AutoCompleteTextBox.csproj", "{FA105C18-2033-4A24-845B-08B00228F9F9}"
EndProject
Global
	GlobalSection(SolutionConfigurationPlatforms) = preSolution
		Debug|Any CPU = Debug|Any CPU
		Release|Any CPU = Release|Any CPU
	EndGlobalSection
	GlobalSection(ProjectConfigurationPlatforms) = postSolution
		{3597A286-9F30-419A-ADAD-AB5A156CACA1}.Debug|Any CPU.ActiveCfg = Debug|Any CPU
		{3597A286-9F30-419A-ADAD-AB5A156CACA1}.Debug|Any CPU.Build.0 = Debug|Any CPU
		{3597A286-9F30-419A-ADAD-AB5A156CACA1}.Release|Any CPU.ActiveCfg = Release|Any CPU
		{3597A286-9F30-419A-ADAD-AB5A156CACA1}.Release|Any CPU.Build.0 = Release|Any CPU
		{215796CF-2E22-4C3B-9C0A-1645C544F05A}.Debug|Any CPU.ActiveCfg = Debug|Any CPU
		{215796CF-2E22-4C3B-9C0A-1645C544F05A}.Debug|Any CPU.Build.0 = Debug|Any CPU
		{215796CF-2E22-4C3B-9C0A-1645C544F05A}.Debug|Any CPU.Deploy.0 = Debug|Any CPU
		{215796CF-2E22-4C3B-9C0A-1645C544F05A}.Release|Any CPU.ActiveCfg = Release|Any CPU
		{215796CF-2E22-4C3B-9C0A-1645C544F05A}.Release|Any CPU.Build.0 = Release|Any CPU
		{215796CF-2E22-4C3B-9C0A-1645C544F05A}.Release|Any CPU.Deploy.0 = Release|Any CPU
		{FA105C18-2033-4A24-845B-08B00228F9F9}.Debug|Any CPU.ActiveCfg = Debug|Any CPU
		{FA105C18-2033-4A24-845B-08B00228F9F9}.Debug|Any CPU.Build.0 = Debug|Any CPU
		{FA105C18-2033-4A24-845B-08B00228F9F9}.Release|Any CPU.ActiveCfg = Release|Any CPU
		{FA105C18-2033-4A24-845B-08B00228F9F9}.Release|Any CPU.Build.0 = Release|Any CPU
	EndGlobalSection
	GlobalSection(SolutionProperties) = preSolution
		HideSolutionNode = FALSE
	EndGlobalSection
	GlobalSection(ExtensibilityGlobals) = postSolution
		SolutionGuid = {855A9B3F-5BAC-45F2-8CBD-FE6D4B8F869D}
	EndGlobalSection
EndGlobal
